
Microsoft Visual Studio Solution File, Format Version 12.00
# Visual Studio 15
VisualStudioVersion = 15.0.28307.1433
MinimumVisualStudioVersion = 10.0.40219.1
Project("{FAE04EC0-301F-11D3-BF4B-00C04F79EFBC}") = "VeloMax_Debes_Delemazure", "VeloMax_Debes_Delemazure\VeloMax_Debes_Delemazure.csproj", "{FF4B1F62-FA26-4EA2-9D95-145D8927F52C}"
EndProject
Global
	GlobalSection(SolutionConfigurationPlatforms) = preSolution
		Debug|Any CPU = Debug|Any CPU
		Release|Any CPU = Release|Any CPU
	EndGlobalSection
	GlobalSection(ProjectConfigurationPlatforms) = postSolution
		{FF4B1F62-FA26-4EA2-9D95-145D8927F52C}.Debug|Any CPU.ActiveCfg = Debug|Any CPU
		{FF4B1F62-FA26-4EA2-9D95-145D8927F52C}.Debug|Any CPU.Build.0 = Debug|Any CPU
		{FF4B1F62-FA26-4EA2-9D95-145D8927F52C}.Release|Any CPU.ActiveCfg = Release|Any CPU
		{FF4B1F62-FA26-4EA2-9D95-145D8927F52C}.Release|Any CPU.Build.0 = Release|Any CPU
	EndGlobalSection
	GlobalSection(SolutionProperties) = preSolution
		HideSolutionNode = FALSE
	EndGlobalSection
	GlobalSection(ExtensibilityGlobals) = postSolution
		SolutionGuid = {79687242-2C25-42D6-9BD8-515F2783A19E}
	EndGlobalSection
EndGlobal
